<?xml version="1.0" encoding="utf-8"?>
<Project ToolsVersion="4.0" xmlns="http://schemas.microsoft.com/developer/msbuild/2003">
  <ItemGroup>
    <Filter Include="리소스 파일">
      <UniqueIdentifier>{67DA6AB6-F800-4c08-8B7A-83BB121AAD01}</UniqueIdentifier>
      <Extensions>rc;ico;cur;bmp;dlg;rc2;rct;bin;rgs;gif;jpg;jpeg;jpe;resx;tiff;tif;png;wav;mfcribbon-ms</Extensions>
    </Filter>
    <Filter Include="Game">
      <UniqueIdentifier>{749f9ad0-b58d-4393-89d2-d50f65e8b3eb}</UniqueIdentifier>
    </Filter>
    <Filter Include="Utils">
      <UniqueIdentifier>{51c3cf2e-774c-45c1-8033-6054248a1d29}</UniqueIdentifier>
    </Filter>
    <Filter Include="Shader">
      <UniqueIdentifier>{73cb9d79-a4be-4df1-9689-33977fee8627}</UniqueIdentifier>
    </Filter>
    <Filter Include="Main">
      <UniqueIdentifier>{7f18e093-d604-4a76-be11-0c71f55d7b97}</UniqueIdentifier>
    </Filter>
    <Filter Include="Main\Camera">
      <UniqueIdentifier>{e14e8df1-7cb6-493b-abee-9c14927f4286}</UniqueIdentifier>
    </Filter>
  </ItemGroup>
  <ItemGroup>
    <ClInclude Include="framework.h">
      <Filter>Utils</Filter>
    </ClInclude>
    <ClInclude Include="Resource.h">
      <Filter>Utils</Filter>
    </ClInclude>
    <ClInclude Include="targetver.h">
      <Filter>Utils</Filter>
    </ClInclude>
    <ClInclude Include="pch.h">
      <Filter>Utils</Filter>
    </ClInclude>
    <ClInclude Include="Main.h">
      <Filter>Main</Filter>
    </ClInclude>
    <ClInclude Include="01. RectangleDemo.h">
      <Filter>Game</Filter>
    </ClInclude>
    <ClInclude Include="02. ConstantBufferDemo.h">
      <Filter>Game</Filter>
    </ClInclude>
    <ClInclude Include="GameObjectDemo.h">
      <Filter>Game</Filter>
    </ClInclude>
    <ClInclude Include="03. CameraDemo.h">
      <Filter>Game</Filter>
    </ClInclude>
    <ClInclude Include="CameraScript.h">
      <Filter>Main\Camera</Filter>
    </ClInclude>
    <ClInclude Include="04. TextureDemo.h">
      <Filter>Game</Filter>
    </ClInclude>
    <ClInclude Include="05. HillsDemo.h">
      <Filter>Game</Filter>
    </ClInclude>
    <ClInclude Include="06. ShapesDemo.h">
      <Filter>Game</Filter>
    </ClInclude>
    <ClInclude Include="07. WavesDemo.h">
      <Filter>Game</Filter>
    </ClInclude>
    <ClInclude Include="08. LightingDemo.h">
      <Filter>Game</Filter>
    </ClInclude>
    <ClInclude Include="09. SkullDemo.h">
      <Filter>Game</Filter>
    </ClInclude>
    <ClInclude Include="10. CrateDemo.h">
      <Filter>Game</Filter>
    </ClInclude>
    <ClInclude Include="11. TexturedHillsAndWavesDemo.h">
      <Filter>Game</Filter>
    </ClInclude>
    <ClInclude Include="12. BlendDemo.h">
      <Filter>Game</Filter>
    </ClInclude>
    <ClInclude Include="13. MirrorDemo.h">
      <Filter>Game</Filter>
    </ClInclude>
    <ClInclude Include="SkullScript.h">
      <Filter>Main</Filter>
    </ClInclude>
    <ClInclude Include="14. TreeBillboardDemo.h">
      <Filter>Game</Filter>
    </ClInclude>
    <ClInclude Include="15. VecAddDemo.h">
      <Filter>Game</Filter>
    </ClInclude>
    <ClInclude Include="ComputeTest.h">
      <Filter>Main</Filter>
    </ClInclude>
    <ClInclude Include="16. BlurDemo.h">
      <Filter>Game</Filter>
    </ClInclude>
    <ClInclude Include="17. BasicTessellation.h">
      <Filter>Game</Filter>
    </ClInclude>
    <ClInclude Include="18. TriangleTessellation.h">
      <Filter>Game</Filter>
    </ClInclude>
  </ItemGroup>
  <ItemGroup>
    <ResourceCompile Include="Client.rc">
      <Filter>리소스 파일</Filter>
    </ResourceCompile>
  </ItemGroup>
  <ItemGroup>
    <Image Include="small.ico">
      <Filter>리소스 파일</Filter>
    </Image>
    <Image Include="Client.ico">
      <Filter>리소스 파일</Filter>
    </Image>
  </ItemGroup>
  <ItemGroup>
    <ClCompile Include="pch.cpp">
      <Filter>Utils</Filter>
    </ClCompile>
    <ClCompile Include="Main.cpp">
      <Filter>Main</Filter>
    </ClCompile>
    <ClCompile Include="01. RectangleDemo.cpp">
      <Filter>Game</Filter>
    </ClCompile>
    <ClCompile Include="02. ConstantBufferDemo.cpp">
      <Filter>Game</Filter>
    </ClCompile>
    <ClCompile Include="GameObjectDemo.cpp">
      <Filter>Game</Filter>
    </ClCompile>
    <ClCompile Include="03. CameraDemo.cpp">
      <Filter>Game</Filter>
    </ClCompile>
    <ClCompile Include="CameraScript.cpp">
      <Filter>Main\Camera</Filter>
    </ClCompile>
    <ClCompile Include="04. TextureDemo.cpp">
      <Filter>Game</Filter>
    </ClCompile>
    <ClCompile Include="05. HillsDemo.cpp">
      <Filter>Game</Filter>
    </ClCompile>
    <ClCompile Include="06. ShapesDemo.cpp">
      <Filter>Game</Filter>
    </ClCompile>
    <ClCompile Include="07. WavesDemo.cpp">
      <Filter>Game</Filter>
    </ClCompile>
    <ClCompile Include="08. LightingDemo.cpp">
      <Filter>Game</Filter>
    </ClCompile>
    <ClCompile Include="09. SkullDemo.cpp">
      <Filter>Game</Filter>
    </ClCompile>
    <ClCompile Include="10. CrateDemo.cpp">
      <Filter>Game</Filter>
    </ClCompile>
    <ClCompile Include="11. TexturedHillsAndWavesDemo.cpp">
      <Filter>Game</Filter>
    </ClCompile>
    <ClCompile Include="12. BlendDemo.cpp">
      <Filter>Game</Filter>
    </ClCompile>
    <ClCompile Include="13. MirrorDemo.cpp">
      <Filter>Game</Filter>
    </ClCompile>
    <ClCompile Include="SkullScript.cpp">
      <Filter>Main</Filter>
    </ClCompile>
    <ClCompile Include="14. TreeBillboardDemo.cpp">
      <Filter>Game</Filter>
    </ClCompile>
    <ClCompile Include="15. VecAddDemo.cpp">
      <Filter>Game</Filter>
    </ClCompile>
    <ClCompile Include="ComputeTest.cpp">
      <Filter>Main</Filter>
    </ClCompile>
    <ClCompile Include="16. BlurDemo.cpp">
      <Filter>Game</Filter>
    </ClCompile>
    <ClCompile Include="17. BasicTessellation.cpp">
      <Filter>Game</Filter>
    </ClCompile>
    <ClCompile Include="18. TriangleTessellation.cpp">
      <Filter>Game</Filter>
    </ClCompile>
  </ItemGroup>
  <ItemGroup>
    <FxCompile Include="..\Shaders\01. Rectangle.fx">
      <Filter>Shader</Filter>
    </FxCompile>
    <FxCompile Include="..\Shaders\02. ConstantBuffer.fx">
      <Filter>Shader</Filter>
    </FxCompile>
    <FxCompile Include="..\Shaders\03. World.fx">
      <Filter>Shader</Filter>
    </FxCompile>
    <FxCompile Include="..\Shaders\04. Texture.fx">
      <Filter>Shader</Filter>
    </FxCompile>
    <FxCompile Include="..\Shaders\00. Common.fx">
      <Filter>Shader</Filter>
    </FxCompile>
    <FxCompile Include="..\Shaders\05. Color.fx">
      <Filter>Shader</Filter>
    </FxCompile>
    <FxCompile Include="..\Shaders\00. LightHelper.fx">
      <Filter>Shader</Filter>
    </FxCompile>
    <FxCompile Include="..\Shaders\06. Lighting.fx">
      <Filter>Shader</Filter>
    </FxCompile>
    <FxCompile Include="..\Shaders\07. Basic.fx">
      <Filter>Shader</Filter>
    </FxCompile>
    <FxCompile Include="..\Shaders\08. Basic.fx">
      <Filter>Shader</Filter>
    </FxCompile>
    <FxCompile Include="..\Shaders\12. TreeSprite.fx">
      <Filter>Shader</Filter>
    </FxCompile>
    <FxCompile Include="..\Shaders\13. VecAdd.fx">
      <Filter>Shader</Filter>
    </FxCompile>
    <FxCompile Include="..\Shaders\14. Blur.fx">
      <Filter>Shader</Filter>
    </FxCompile>
    <FxCompile Include="..\Shaders\15. BasicTessellation.fx">
      <Filter>Shader</Filter>
    </FxCompile>
    <FxCompile Include="..\Shaders\16. TriTessellation.fx">
      <Filter>Shader</Filter>
    </FxCompile>
  </ItemGroup>
</Project>