<?xml version="1.0" encoding="utf-8"?>
<Project ToolsVersion="4.0" xmlns="http://schemas.microsoft.com/developer/msbuild/2003">
  <ItemGroup>
    <Filter Include="소스 파일">
      <UniqueIdentifier>{4FC737F1-C7A5-4376-A066-2A32D752A2FF}</UniqueIdentifier>
      <Extensions>cpp;c;cc;cxx;c++;cppm;ixx;def;odl;idl;hpj;bat;asm;asmx</Extensions>
    </Filter>
    <Filter Include="헤더 파일">
      <UniqueIdentifier>{93995380-89BD-4b04-88EB-625FBE52EBFB}</UniqueIdentifier>
      <Extensions>h;hh;hpp;hxx;h++;hm;inl;inc;ipp;xsd</Extensions>
    </Filter>
    <Filter Include="리소스 파일">
      <UniqueIdentifier>{67DA6AB6-F800-4c08-8B7A-83BB121AAD01}</UniqueIdentifier>
      <Extensions>rc;ico;cur;bmp;dlg;rc2;rct;bin;rgs;gif;jpg;jpeg;jpe;resx;tiff;tif;png;wav;mfcribbon-ms</Extensions>
    </Filter>
    <Filter Include="DxErr">
      <UniqueIdentifier>{ef374d51-8b84-4c9f-97b6-390214033c1c}</UniqueIdentifier>
    </Filter>
    <Filter Include="Shader">
      <UniqueIdentifier>{f26c91ab-addc-4068-ba0f-e5a608bfbea5}</UniqueIdentifier>
    </Filter>
    <Filter Include="헤더 파일\Macros">
      <UniqueIdentifier>{c00e6882-1719-47a3-bda4-abdedd0da3b1}</UniqueIdentifier>
    </Filter>
    <Filter Include="헤더 파일\Bindable">
      <UniqueIdentifier>{aa96192f-753a-4191-919e-4ec9ed078be0}</UniqueIdentifier>
    </Filter>
    <Filter Include="소스 파일\Bindable">
      <UniqueIdentifier>{0c3ea716-2aa9-429c-8f50-965acbffc944}</UniqueIdentifier>
    </Filter>
    <Filter Include="헤더 파일\Drawable">
      <UniqueIdentifier>{d837d1c9-613f-4561-b3e3-4fef43e85a46}</UniqueIdentifier>
    </Filter>
    <Filter Include="소스 파일\Drawable">
      <UniqueIdentifier>{f0b84fab-07ac-4f97-aea4-1ecb1d103a88}</UniqueIdentifier>
    </Filter>
    <Filter Include="헤더 파일\Geometry">
      <UniqueIdentifier>{dd919264-7ce0-41af-a7c3-814eebf5f93f}</UniqueIdentifier>
    </Filter>
    <Filter Include="소스 파일\Geometry">
      <UniqueIdentifier>{2d6cbaae-1c24-477a-9137-29d2ae9f6236}</UniqueIdentifier>
    </Filter>
  </ItemGroup>
  <ItemGroup>
    <ClCompile Include="WinMain.cpp">
      <Filter>소스 파일</Filter>
    </ClCompile>
    <ClCompile Include="Window.cpp">
      <Filter>소스 파일</Filter>
    </ClCompile>
    <ClCompile Include="CustomException.cpp">
      <Filter>소스 파일</Filter>
    </ClCompile>
    <ClCompile Include="Keyboard.cpp">
      <Filter>소스 파일</Filter>
    </ClCompile>
    <ClCompile Include="Mouse.cpp">
      <Filter>소스 파일</Filter>
    </ClCompile>
    <ClCompile Include="App.cpp">
      <Filter>소스 파일</Filter>
    </ClCompile>
    <ClCompile Include="CustomTimer.cpp">
      <Filter>소스 파일</Filter>
    </ClCompile>
    <ClCompile Include="Graphics.cpp">
      <Filter>소스 파일</Filter>
    </ClCompile>
    <ClCompile Include="WindowsMessageMap.cpp">
      <Filter>소스 파일</Filter>
    </ClCompile>
    <ClCompile Include="dxerr.cpp">
      <Filter>DxErr</Filter>
    </ClCompile>
    <ClCompile Include="DxgiInfoManager.cpp">
      <Filter>소스 파일</Filter>
    </ClCompile>
    <ClCompile Include="Bindable.cpp">
      <Filter>소스 파일\Bindable</Filter>
    </ClCompile>
    <ClCompile Include="IndexBuffer.cpp">
      <Filter>소스 파일\Bindable</Filter>
    </ClCompile>
    <ClCompile Include="InputLayout.cpp">
      <Filter>소스 파일\Bindable</Filter>
    </ClCompile>
    <ClCompile Include="PixelShader.cpp">
      <Filter>소스 파일\Bindable</Filter>
    </ClCompile>
    <ClCompile Include="VertexShader.cpp">
      <Filter>소스 파일\Bindable</Filter>
    </ClCompile>
    <ClCompile Include="Topology.cpp">
      <Filter>소스 파일\Bindable</Filter>
    </ClCompile>
    <ClCompile Include="TransformCbuf.cpp">
      <Filter>소스 파일\Bindable</Filter>
    </ClCompile>
    <ClCompile Include="VertexBuffer.cpp">
      <Filter>소스 파일\Bindable</Filter>
    </ClCompile>
    <ClCompile Include="Box.cpp">
      <Filter>소스 파일\Drawable</Filter>
    </ClCompile>
    <ClCompile Include="Drawable.cpp">
      <Filter>소스 파일\Drawable</Filter>
    </ClCompile>
    <ClCompile Include="Pyramid.cpp">
      <Filter>소스 파일\Geometry</Filter>
    </ClCompile>
    <ClCompile Include="Melon.cpp">
      <Filter>소스 파일\Geometry</Filter>
    </ClCompile>
  </ItemGroup>
  <ItemGroup>
    <ClInclude Include="WindowsMessageMap.h">
      <Filter>헤더 파일</Filter>
    </ClInclude>
    <ClInclude Include="CustomWin.h">
      <Filter>헤더 파일</Filter>
    </ClInclude>
    <ClInclude Include="Window.h">
      <Filter>헤더 파일</Filter>
    </ClInclude>
    <ClInclude Include="CustomException.h">
      <Filter>헤더 파일</Filter>
    </ClInclude>
    <ClInclude Include="Mouse.h">
      <Filter>헤더 파일</Filter>
    </ClInclude>
    <ClInclude Include="Keyboard.h">
      <Filter>헤더 파일</Filter>
    </ClInclude>
    <ClInclude Include="App.h">
      <Filter>헤더 파일</Filter>
    </ClInclude>
    <ClInclude Include="CustomTimer.h">
      <Filter>헤더 파일</Filter>
    </ClInclude>
    <ClInclude Include="Graphics.h">
      <Filter>헤더 파일</Filter>
    </ClInclude>
    <ClInclude Include="dxerr.h">
      <Filter>DxErr</Filter>
    </ClInclude>
    <ClInclude Include="DxgiInfoManager.h">
      <Filter>헤더 파일</Filter>
    </ClInclude>
    <ClInclude Include="GraphicsThrowMacros.h">
      <Filter>헤더 파일\Macros</Filter>
    </ClInclude>
    <ClInclude Include="WindowsThrowMacros.h">
      <Filter>헤더 파일\Macros</Filter>
    </ClInclude>
    <ClInclude Include="Bindable.h">
      <Filter>헤더 파일\Bindable</Filter>
    </ClInclude>
    <ClInclude Include="ConstantBuffer.h">
      <Filter>헤더 파일\Bindable</Filter>
    </ClInclude>
    <ClInclude Include="IndexBuffer.h">
      <Filter>헤더 파일\Bindable</Filter>
    </ClInclude>
    <ClInclude Include="InputLayout.h">
      <Filter>헤더 파일\Bindable</Filter>
    </ClInclude>
    <ClInclude Include="PixelShader.h">
      <Filter>헤더 파일\Bindable</Filter>
    </ClInclude>
    <ClInclude Include="VertexShader.h">
      <Filter>헤더 파일\Bindable</Filter>
    </ClInclude>
    <ClInclude Include="BindableBase.h">
      <Filter>헤더 파일\Bindable</Filter>
    </ClInclude>
    <ClInclude Include="Topology.h">
      <Filter>헤더 파일\Bindable</Filter>
    </ClInclude>
    <ClInclude Include="TransformCbuf.h">
      <Filter>헤더 파일\Bindable</Filter>
    </ClInclude>
    <ClInclude Include="VertexBuffer.h">
      <Filter>헤더 파일\Bindable</Filter>
    </ClInclude>
    <ClInclude Include="Box.h">
      <Filter>헤더 파일\Drawable</Filter>
    </ClInclude>
    <ClInclude Include="Drawable.h">
      <Filter>헤더 파일\Drawable</Filter>
    </ClInclude>
    <ClInclude Include="DrawableBase.h">
      <Filter>헤더 파일\Drawable</Filter>
    </ClInclude>
    <ClInclude Include="IndexedTriangleList.h">
      <Filter>헤더 파일\Geometry</Filter>
    </ClInclude>
    <ClInclude Include="CustomMath.h">
      <Filter>헤더 파일</Filter>
    </ClInclude>
    <ClInclude Include="Cone.h">
      <Filter>헤더 파일\Geometry</Filter>
    </ClInclude>
    <ClInclude Include="Cube.h">
      <Filter>헤더 파일\Geometry</Filter>
    </ClInclude>
    <ClInclude Include="Plane.h">
      <Filter>헤더 파일\Geometry</Filter>
    </ClInclude>
    <ClInclude Include="Prism.h">
      <Filter>헤더 파일\Geometry</Filter>
    </ClInclude>
    <ClInclude Include="Sphere.h">
      <Filter>헤더 파일\Geometry</Filter>
    </ClInclude>
    <ClInclude Include="Pyramid.h">
      <Filter>헤더 파일\Geometry</Filter>
    </ClInclude>
    <ClInclude Include="Melon.h">
      <Filter>헤더 파일\Geometry</Filter>
    </ClInclude>
  </ItemGroup>
  <ItemGroup>
    <None Include="DXGetErrorDescription.inl">
      <Filter>DxErr</Filter>
    </None>
    <None Include="DXTrace.inl">
      <Filter>DxErr</Filter>
    </None>
    <None Include="DXGetErrorString.inl">
      <Filter>DxErr</Filter>
    </None>
  </ItemGroup>
  <ItemGroup>
    <FxCompile Include="ColorIndexPS.hlsl">
      <Filter>리소스 파일</Filter>
    </FxCompile>
    <FxCompile Include="ColorIndexVS.hlsl">
      <Filter>리소스 파일</Filter>
    </FxCompile>
    <FxCompile Include="ColorBlendVS.hlsl">
      <Filter>리소스 파일</Filter>
    </FxCompile>
    <FxCompile Include="ColorBlendPS.hlsl">
      <Filter>리소스 파일</Filter>
    </FxCompile>
  </ItemGroup>
</Project>