<?xml version="1.0" encoding="utf-8"?>
<Project ToolsVersion="4.0" xmlns="http://schemas.microsoft.com/developer/msbuild/2003">
  <ItemGroup>
    <Filter Include="99. Header">
      <UniqueIdentifier>{4370be57-bee1-4cf0-9455-3dbe0bf17e05}</UniqueIdentifier>
    </Filter>
    <Filter Include="98. Utils">
      <UniqueIdentifier>{faa78d56-0730-4c8d-ba26-4fbcfeb1bc4b}</UniqueIdentifier>
    </Filter>
    <Filter Include="99. Header\Andromeda">
      <UniqueIdentifier>{993d05af-0878-44fb-887e-9f5712149926}</UniqueIdentifier>
    </Filter>
    <Filter Include="02. Managers">
      <UniqueIdentifier>{13c42e6a-ae04-4eb4-b369-47e91fcd6ede}</UniqueIdentifier>
    </Filter>
    <Filter Include="00. Engine">
      <UniqueIdentifier>{0a3510d4-14ac-4458-958f-808523b7d80d}</UniqueIdentifier>
    </Filter>
    <Filter Include="01. Graphics">
      <UniqueIdentifier>{b25694d0-fa6a-4dcb-b30b-4e6fb3d5fc50}</UniqueIdentifier>
    </Filter>
    <Filter Include="03. Resources">
      <UniqueIdentifier>{7e84f68c-4d44-436d-b75c-7f17f4beabab}</UniqueIdentifier>
    </Filter>
    <Filter Include="01. Graphics\Pipeline">
      <UniqueIdentifier>{4a16406c-0356-4b6b-b125-f6a43d853b00}</UniqueIdentifier>
    </Filter>
    <Filter Include="01. Graphics\Pipeline\00. Geometry">
      <UniqueIdentifier>{310989fa-53cc-4107-bbc2-dc378fe66bf4}</UniqueIdentifier>
    </Filter>
    <Filter Include="01. Graphics\Pipeline\01. InputAssembler">
      <UniqueIdentifier>{7d68a414-154d-4acc-b605-5506a8388de3}</UniqueIdentifier>
    </Filter>
  </ItemGroup>
  <ItemGroup>
    <ClInclude Include="pch.h">
      <Filter>99. Header</Filter>
    </ClInclude>
    <ClInclude Include="d3dx12.h">
      <Filter>99. Header</Filter>
    </ClInclude>
    <ClInclude Include="framework.h">
      <Filter>99. Header\Andromeda</Filter>
    </ClInclude>
    <ClInclude Include="Define.h">
      <Filter>99. Header</Filter>
    </ClInclude>
    <ClInclude Include="Types.h">
      <Filter>99. Header</Filter>
    </ClInclude>
    <ClInclude Include="C:\Users\amese\Downloads\Mentoring_DX11\GameCoding\Engine\tinyxml2.h">
      <Filter>98. Utils</Filter>
    </ClInclude>
    <ClInclude Include="C:\Users\amese\Downloads\Mentoring_DX11\GameCoding\Engine\Utils.h">
      <Filter>98. Utils</Filter>
    </ClInclude>
    <ClInclude Include="EnginePch.h">
      <Filter>99. Header</Filter>
    </ClInclude>
    <ClInclude Include="SimpleMath.h">
      <Filter>98. Utils</Filter>
    </ClInclude>
    <ClInclude Include="Game.h">
      <Filter>02. Managers</Filter>
    </ClInclude>
    <ClInclude Include="IExecute.h">
      <Filter>00. Engine</Filter>
    </ClInclude>
    <ClInclude Include="SwapChain.h">
      <Filter>00. Engine</Filter>
    </ClInclude>
    <ClInclude Include="Device.h">
      <Filter>00. Engine</Filter>
    </ClInclude>
    <ClInclude Include="CommandQueue.h">
      <Filter>00. Engine</Filter>
    </ClInclude>
    <ClInclude Include="Graphics.h">
      <Filter>02. Managers</Filter>
    </ClInclude>
    <ClInclude Include="RootSignature.h">
      <Filter>00. Engine</Filter>
    </ClInclude>
    <ClInclude Include="ResourceBase.h">
      <Filter>03. Resources</Filter>
    </ClInclude>
    <ClInclude Include="Shader.h">
      <Filter>03. Resources</Filter>
    </ClInclude>
    <ClInclude Include="GeometryHelper.h">
      <Filter>01. Graphics\Pipeline\00. Geometry</Filter>
    </ClInclude>
    <ClInclude Include="Geometry.h">
      <Filter>01. Graphics\Pipeline\00. Geometry</Filter>
    </ClInclude>
    <ClInclude Include="VertexData.h">
      <Filter>01. Graphics\Pipeline\00. Geometry</Filter>
    </ClInclude>
    <ClInclude Include="Mesh.h">
      <Filter>03. Resources</Filter>
    </ClInclude>
    <ClInclude Include="VertexBuffer.h">
      <Filter>01. Graphics\Pipeline\01. InputAssembler</Filter>
    </ClInclude>
    <ClInclude Include="IndexBuffer.h">
      <Filter>01. Graphics\Pipeline\01. InputAssembler</Filter>
    </ClInclude>
  </ItemGroup>
  <ItemGroup>
    <ClCompile Include="Engine.cpp">
      <Filter>99. Header</Filter>
    </ClCompile>
    <ClCompile Include="pch.cpp">
      <Filter>99. Header</Filter>
    </ClCompile>
    <ClCompile Include="C:\Users\amese\Downloads\Mentoring_DX11\GameCoding\Engine\tinyxml2.cpp">
      <Filter>98. Utils</Filter>
    </ClCompile>
    <ClCompile Include="C:\Users\amese\Downloads\Mentoring_DX11\GameCoding\Engine\Utils.cpp">
      <Filter>98. Utils</Filter>
    </ClCompile>
    <ClCompile Include="SimpleMath.cpp">
      <Filter>98. Utils</Filter>
    </ClCompile>
    <ClCompile Include="Game.cpp">
      <Filter>02. Managers</Filter>
    </ClCompile>
    <ClCompile Include="IExecute.cpp">
      <Filter>00. Engine</Filter>
    </ClCompile>
    <ClCompile Include="SwapChain.cpp">
      <Filter>00. Engine</Filter>
    </ClCompile>
    <ClCompile Include="Device.cpp">
      <Filter>00. Engine</Filter>
    </ClCompile>
    <ClCompile Include="CommandQueue.cpp">
      <Filter>00. Engine</Filter>
    </ClCompile>
    <ClCompile Include="Graphics.cpp">
      <Filter>02. Managers</Filter>
    </ClCompile>
    <ClCompile Include="RootSignature.cpp">
      <Filter>00. Engine</Filter>
    </ClCompile>
    <ClCompile Include="ResourceBase.cpp">
      <Filter>03. Resources</Filter>
    </ClCompile>
    <ClCompile Include="Shader.cpp">
      <Filter>03. Resources</Filter>
    </ClCompile>
    <ClCompile Include="GeometryHelper.cpp">
      <Filter>01. Graphics\Pipeline\00. Geometry</Filter>
    </ClCompile>
    <ClCompile Include="Geometry.cpp">
      <Filter>01. Graphics\Pipeline\00. Geometry</Filter>
    </ClCompile>
    <ClCompile Include="VertexData.cpp">
      <Filter>01. Graphics\Pipeline\00. Geometry</Filter>
    </ClCompile>
    <ClCompile Include="Mesh.cpp">
      <Filter>03. Resources</Filter>
    </ClCompile>
    <ClCompile Include="VertexBuffer.cpp">
      <Filter>01. Graphics\Pipeline\01. InputAssembler</Filter>
    </ClCompile>
    <ClCompile Include="IndexBuffer.cpp">
      <Filter>01. Graphics\Pipeline\01. InputAssembler</Filter>
    </ClCompile>
  </ItemGroup>
  <ItemGroup>
    <None Include="SimpleMath.inl">
      <Filter>98. Utils</Filter>
    </None>
  </ItemGroup>
</Project>